
Microsoft Visual Studio Solution File, Format Version 12.00
# Visual Studio 15
VisualStudioVersion = 15.0.28010.2026
MinimumVisualStudioVersion = 10.0.40219.1
Project("{FAE04EC0-301F-11D3-BF4B-00C04F79EFBC}") = "OdeToFood", "OdeToFood\OdeToFood.csproj", "{95C48096-BD78-4A94-8BA7-44888223914F}"
EndProject
Global
	GlobalSection(SolutionConfigurationPlatforms) = preSolution
		Debug|Any CPU = Debug|Any CPU
		Release|Any CPU = Release|Any CPU
	EndGlobalSection
	GlobalSection(ProjectConfigurationPlatforms) = postSolution
		{95C48096-BD78-4A94-8BA7-44888223914F}.Debug|Any CPU.ActiveCfg = Debug|Any CPU
		{95C48096-BD78-4A94-8BA7-44888223914F}.Debug|Any CPU.Build.0 = Debug|Any CPU
		{95C48096-BD78-4A94-8BA7-44888223914F}.Release|Any CPU.ActiveCfg = Release|Any CPU
		{95C48096-BD78-4A94-8BA7-44888223914F}.Release|Any CPU.Build.0 = Release|Any CPU
	EndGlobalSection
	GlobalSection(SolutionProperties) = preSolution
		HideSolutionNode = FALSE
	EndGlobalSection
	GlobalSection(ExtensibilityGlobals) = postSolution
		SolutionGuid = {CB2C1E9E-B813-4518-9E4B-E451E18CF292}
	EndGlobalSection
EndGlobal
